
Microsoft Visual Studio Solution File, Format Version 12.00
# Visual Studio 15
VisualStudioVersion = 15.0.26730.8
MinimumVisualStudioVersion = 10.0.40219.1
Project("{FAE04EC0-301F-11D3-BF4B-00C04F79EFBC}") = "MealOrders", "MealOrders\MealOrders.csproj", "{C4CE2FA8-025A-433C-B418-279FCFD7016F}"
EndProject
Global
	GlobalSection(SolutionConfigurationPlatforms) = preSolution
		Debug|Any CPU = Debug|Any CPU
		Release|Any CPU = Release|Any CPU
	EndGlobalSection
	GlobalSection(ProjectConfigurationPlatforms) = postSolution
		{C4CE2FA8-025A-433C-B418-279FCFD7016F}.Debug|Any CPU.ActiveCfg = Debug|Any CPU
		{C4CE2FA8-025A-433C-B418-279FCFD7016F}.Debug|Any CPU.Build.0 = Debug|Any CPU
		{C4CE2FA8-025A-433C-B418-279FCFD7016F}.Release|Any CPU.ActiveCfg = Release|Any CPU
		{C4CE2FA8-025A-433C-B418-279FCFD7016F}.Release|Any CPU.Build.0 = Release|Any CPU
	EndGlobalSection
	GlobalSection(SolutionProperties) = preSolution
		HideSolutionNode = FALSE
	EndGlobalSection
	GlobalSection(ExtensibilityGlobals) = postSolution
		SolutionGuid = {85FBAA86-4F4C-4A08-92CA-8AB0D54B1F15}
	EndGlobalSection
EndGlobal
